<?xml version="1.0" encoding="utf-8"?>
<Project ToolsVersion="4.0" xmlns="http://schemas.microsoft.com/developer/msbuild/2003">
  <ItemGroup>
    <Filter Include="Source Files">
      <UniqueIdentifier>{4FC737F1-C7A5-4376-A066-2A32D752A2FF}</UniqueIdentifier>
      <Extensions>cpp;c;cc;cxx;def;odl;idl;hpj;bat;asm;asmx</Extensions>
    </Filter>
    <Filter Include="Header Files">
      <UniqueIdentifier>{93995380-89BD-4b04-88EB-625FBE52EBFB}</UniqueIdentifier>
      <Extensions>h;hh;hpp;hxx;hm;inl;inc;xsd</Extensions>
    </Filter>
    <Filter Include="Resource Files">
      <UniqueIdentifier>{67DA6AB6-F800-4c08-8B7A-83BB121AAD01}</UniqueIdentifier>
      <Extensions>rc;ico;cur;bmp;dlg;rc2;rct;bin;rgs;gif;jpg;jpeg;jpe;resx;tiff;tif;png;wav</Extensions>
    </Filter>
  </ItemGroup>
  <ItemGroup>
    <ClCompile Include="core\Droplet.cpp">
      <Filter>Source Files</Filter>
    </ClCompile>
    <ClCompile Include="nodes\rigging\QuaternionTwist.cpp">
      <Filter>Source Files</Filter>
    </ClCompile>
    <ClCompile Include="nodes\rigging\Soft2BoneIk.cpp">
      <Filter>Source Files</Filter>
    </ClCompile>
    <ClCompile Include="nodes\stacks\AngleStackDivide.cpp">
      <Filter>Source Files</Filter>
    </ClCompile>
    <ClCompile Include="nodes\stacks\AngleStackMax.cpp">
      <Filter>Source Files</Filter>
    </ClCompile>
    <ClCompile Include="nodes\stacks\AngleStackMin.cpp">
      <Filter>Source Files</Filter>
    </ClCompile>
    <ClCompile Include="nodes\stacks\AngleStackMinus.cpp">
      <Filter>Source Files</Filter>
    </ClCompile>
    <ClCompile Include="nodes\stacks\AngleStackMultiply.cpp">
      <Filter>Source Files</Filter>
    </ClCompile>
    <ClCompile Include="nodes\stacks\AngleStackRange.cpp">
      <Filter>Source Files</Filter>
    </ClCompile>
    <ClCompile Include="nodes\stacks\AngleStackSum.cpp">
      <Filter>Source Files</Filter>
    </ClCompile>
    <ClCompile Include="nodes\stacks\FloatStackDivide.cpp">
      <Filter>Source Files</Filter>
    </ClCompile>
    <ClCompile Include="nodes\stacks\FloatStackMax.cpp">
      <Filter>Source Files</Filter>
    </ClCompile>
    <ClCompile Include="nodes\stacks\FloatStackMin.cpp">
      <Filter>Source Files</Filter>
    </ClCompile>
    <ClCompile Include="nodes\stacks\FloatStackMinus.cpp">
      <Filter>Source Files</Filter>
    </ClCompile>
    <ClCompile Include="nodes\stacks\FloatStackMultiply.cpp">
      <Filter>Source Files</Filter>
    </ClCompile>
    <ClCompile Include="nodes\stacks\FloatStackRange.cpp">
      <Filter>Source Files</Filter>
    </ClCompile>
    <ClCompile Include="nodes\stacks\FloatStackSum.cpp">
      <Filter>Source Files</Filter>
    </ClCompile>
    <ClCompile Include="utilities\Attributes.cpp">
      <Filter>Source Files</Filter>
    </ClCompile>
  </ItemGroup>
  <ItemGroup>
    <ClInclude Include="core\Droplet.h">
      <Filter>Header Files</Filter>
    </ClInclude>
    <ClInclude Include="core\DropletNode.h">
      <Filter>Header Files</Filter>
    </ClInclude>
    <ClInclude Include="nodes\angles\AngleAdd.h">
      <Filter>Header Files</Filter>
    </ClInclude>
    <ClInclude Include="nodes\angles\AngleClamp.h">
      <Filter>Header Files</Filter>
    </ClInclude>
    <ClInclude Include="nodes\angles\AngleDivide.h">
      <Filter>Header Files</Filter>
    </ClInclude>
    <ClInclude Include="nodes\angles\AngleExponent.h">
      <Filter>Header Files</Filter>
    </ClInclude>
    <ClInclude Include="nodes\angles\AngleMultiply.h">
      <Filter>Header Files</Filter>
    </ClInclude>
    <ClInclude Include="nodes\angles\AnglePower.h">
      <Filter>Header Files</Filter>
    </ClInclude>
    <ClInclude Include="nodes\angles\AngleRange.h">
      <Filter>Header Files</Filter>
    </ClInclude>
    <ClInclude Include="nodes\angles\AngleSqrt.h">
      <Filter>Header Files</Filter>
    </ClInclude>
    <ClInclude Include="nodes\angles\AngleSubtract.h">
      <Filter>Header Files</Filter>
    </ClInclude>
    <ClInclude Include="nodes\basic\Exponent.h">
      <Filter>Header Files</Filter>
    </ClInclude>
    <ClInclude Include="nodes\basic\Power.h">
      <Filter>Header Files</Filter>
    </ClInclude>
    <ClInclude Include="nodes\basic\Sqrt.h">
      <Filter>Header Files</Filter>
    </ClInclude>
    <ClInclude Include="nodes\interpolation\InterpolateAngles.h">
      <Filter>Header Files</Filter>
    </ClInclude>
    <ClInclude Include="nodes\interpolation\InterpolateAngleVectors.h">
      <Filter>Header Files</Filter>
    </ClInclude>
    <ClInclude Include="nodes\interpolation\InterpolateFloats.h">
      <Filter>Header Files</Filter>
    </ClInclude>
    <ClInclude Include="nodes\interpolation\InterpolateFloatVectors.h">
      <Filter>Header Files</Filter>
    </ClInclude>
    <ClInclude Include="nodes\interpolation\InterpolateMatrices.h">
      <Filter>Header Files</Filter>
    </ClInclude>
    <ClInclude Include="nodes\interpolation\InterpolateQuaternions.h">
      <Filter>Header Files</Filter>
    </ClInclude>
    <ClInclude Include="nodes\rigging\QuaternionTwist.h">
      <Filter>Header Files</Filter>
    </ClInclude>
    <ClInclude Include="nodes\rigging\Soft2BoneIk.h">
      <Filter>Header Files</Filter>
    </ClInclude>
    <ClInclude Include="nodes\spaces\DistanceBetweenMatrices.h">
      <Filter>Header Files</Filter>
    </ClInclude>
    <ClInclude Include="nodes\spaces\DistanceBetweenVectors.h">
      <Filter>Header Files</Filter>
    </ClInclude>
    <ClInclude Include="nodes\spaces\RelativeMatrix.h">
      <Filter>Header Files</Filter>
    </ClInclude>
    <ClInclude Include="nodes\stacks\AngleStackDivide.h">
      <Filter>Header Files</Filter>
    </ClInclude>
    <ClInclude Include="nodes\stacks\AngleStackMax.h">
      <Filter>Header Files</Filter>
    </ClInclude>
    <ClInclude Include="nodes\stacks\AngleStackMin.h">
      <Filter>Header Files</Filter>
    </ClInclude>
    <ClInclude Include="nodes\stacks\AngleStackMinus.h">
      <Filter>Header Files</Filter>
    </ClInclude>
    <ClInclude Include="nodes\stacks\AngleStackMultiply.h">
      <Filter>Header Files</Filter>
    </ClInclude>
    <ClInclude Include="nodes\stacks\AngleStackRange.h">
      <Filter>Header Files</Filter>
    </ClInclude>
    <ClInclude Include="nodes\stacks\AngleStackSum.h">
      <Filter>Header Files</Filter>
    </ClInclude>
    <ClInclude Include="nodes\stacks\FloatStackDivide.h">
      <Filter>Header Files</Filter>
    </ClInclude>
    <ClInclude Include="nodes\stacks\FloatStackMax.h">
      <Filter>Header Files</Filter>
    </ClInclude>
    <ClInclude Include="nodes\stacks\FloatStackMin.h">
      <Filter>Header Files</Filter>
    </ClInclude>
    <ClInclude Include="nodes\stacks\FloatStackMinus.h">
      <Filter>Header Files</Filter>
    </ClInclude>
    <ClInclude Include="nodes\stacks\FloatStackMultiply.h">
      <Filter>Header Files</Filter>
    </ClInclude>
    <ClInclude Include="nodes\stacks\FloatStackRange.h">
      <Filter>Header Files</Filter>
    </ClInclude>
    <ClInclude Include="nodes\stacks\FloatStackSum.h">
      <Filter>Header Files</Filter>
    </ClInclude>
    <ClInclude Include="nodes\vectors\AngleVectorAdd.h">
      <Filter>Header Files</Filter>
    </ClInclude>
    <ClInclude Include="nodes\vectors\AngleVectorDivide.h">
      <Filter>Header Files</Filter>
    </ClInclude>
    <ClInclude Include="nodes\vectors\AngleVectorScale.h">
      <Filter>Header Files</Filter>
    </ClInclude>
    <ClInclude Include="nodes\vectors\FloatVectorAdd.h">
      <Filter>Header Files</Filter>
    </ClInclude>
    <ClInclude Include="nodes\vectors\FloatVectorDivide.h">
      <Filter>Header Files</Filter>
    </ClInclude>
    <ClInclude Include="nodes\vectors\FloatVectorScale.h">
      <Filter>Header Files</Filter>
    </ClInclude>
    <ClInclude Include="utilities\Attributes.h">
      <Filter>Header Files</Filter>
    </ClInclude>
    <ClInclude Include="utilities\Math.h">
      <Filter>Header Files</Filter>
    </ClInclude>
  </ItemGroup>
</Project>